{
  "name": "easygocal",
  "version": "1.0.0",
  "lockfileVersion": 1,
  "requires": true,
  "dependencies": {
    "babel-plugin-transform-runtime": {
      "version": "6.23.0",
      "resolved": "https://registry.npmjs.org/babel-plugin-transform-runtime/-/babel-plugin-transform-runtime-6.23.0.tgz",
      "integrity": "sha1-iEkNRGUC6puOfvsP4J7E2ZR5se4=",
      "requires": {
        "babel-runtime": "6.26.0"
      }
    },
    "babel-runtime": {
      "version": "6.26.0",
      "resolved": "https://registry.npmjs.org/babel-runtime/-/babel-runtime-6.26.0.tgz",
      "integrity": "sha1-llxwWGaOgrVde/4E/yM3vItWR/4=",
      "requires": {
        "core-js": "2.5.3",
        "regenerator-runtime": "0.11.1"
      }
    },
    "core-js": {
      "version": "2.5.3",
      "resolved": "https://registry.npmjs.org/core-js/-/core-js-2.5.3.tgz",
      "integrity": "sha1-isw4NFgk8W2DZbfJtCWRaOjtYD4="
    },
    "dom7": {
      "version": "2.0.1",
      "resolved": "https://registry.npmjs.org/dom7/-/dom7-2.0.1.tgz",
      "integrity": "sha512-JwxgbCMasGW7pthSc0qRufkuZ6RAw9vZ66GSkcq2e+zpjFIGfXFMABdXpXrnItAQGd4zfj8vOfTI8wbZD1uSrQ=="
    },
    "framework7": {
      "version": "2.0.6",
      "resolved": "https://registry.npmjs.org/framework7/-/framework7-2.0.6.tgz",
      "integrity": "sha512-RWQkGmdXC9PkOYOrI75rkwoauzvYmyXII7I97RWKRBazmYRv4fGbLCnmqhJDjSMY3SPNmo1+cSkaPs4AEdkHnw==",
      "requires": {
        "dom7": "2.0.1",
        "path-to-regexp": "2.1.0",
        "template7": "1.3.1"
      },
      "dependencies": {
        "path-to-regexp": {
          "version": "2.1.0",
          "resolved": "https://registry.npmjs.org/path-to-regexp/-/path-to-regexp-2.1.0.tgz",
          "integrity": "sha512-dZY7QPCPp5r9cnNuQ955mOv4ZFVDXY/yvqeV7Y1W2PJA3PEFcuow9xKFfJxbBj1pIjOAP+M2B4/7xubmykLrXw=="
        }
      }
    },
    "framework7-vue": {
      "version": "2.0.0",
      "resolved": "https://registry.npmjs.org/framework7-vue/-/framework7-vue-2.0.0.tgz",
      "integrity": "sha512-AHawjX/ZyovKf5AdfbdIVyICGr/VDma5jsip8z7xXUMrLyBG7v+pO5zQNSVFaGGSdrsfF0u+jsjVBjWeM8aiNA=="
    },
    "fullcalendar": {
      "version": "3.8.0",
      "resolved": "https://registry.npmjs.org/fullcalendar/-/fullcalendar-3.8.0.tgz",
      "integrity": "sha1-TA/klKYrCo1kDG3o64g7SaIStdw=",
      "requires": {
        "jquery": "3.2.1",
        "moment": "2.20.1"
      }
    },
    "jquery": {
      "version": "3.2.1",
      "resolved": "https://registry.npmjs.org/jquery/-/jquery-3.2.1.tgz",
      "integrity": "sha1-XE2d5lKvbNCncBVKYxu6ErAVx4c="
    },
    "lodash.defaultsdeep": {
      "version": "4.6.0",
      "resolved": "https://registry.npmjs.org/lodash.defaultsdeep/-/lodash.defaultsdeep-4.6.0.tgz",
      "integrity": "sha1-vsECT4WxvZbL6kBbI8FK1kQ6b4E="
    },
    "moment": {
      "version": "2.20.1",
      "resolved": "https://registry.npmjs.org/moment/-/moment-2.20.1.tgz",
      "integrity": "sha512-Yh9y73JRljxW5QxN08Fner68eFLxM5ynNOAw2LbIB1YAGeQzZT8QFSUvkAz609Zf+IHhhaUxqZK8dG3W/+HEvg=="
    },
    "regenerator-runtime": {
      "version": "0.11.1",
      "resolved": "https://registry.npmjs.org/regenerator-runtime/-/regenerator-runtime-0.11.1.tgz",
      "integrity": "sha512-MguG95oij0fC3QV3URf4V2SDYGJhJnJGqvIIgdECeODCT98wSWDAJ94SSuVpYQUoTcGUIL6L4yNB7j1DFFHSBg=="
    },
    "store": {
      "version": "2.0.12",
      "resolved": "https://registry.npmjs.org/store/-/store-2.0.12.tgz",
      "integrity": "sha1-jFNOKguDH3K3X8XxEZhXxE711ZM="
    },
    "template7": {
      "version": "1.3.1",
      "resolved": "https://registry.npmjs.org/template7/-/template7-1.3.1.tgz",
      "integrity": "sha512-dNbsNPLiuk4CiO7CFLW+WkjuDGVoAQv2WbkFN5fsozQMSFVfcCXx++wMTU1tT94s542P5KaYWhN1H6WRksFTbQ=="
    },
    "vue-full-calendar": {
      "version": "2.5.1",
      "resolved": "https://registry.npmjs.org/vue-full-calendar/-/vue-full-calendar-2.5.1.tgz",
      "integrity": "sha1-vMSxZeNgHJiYGnLLSH69cpBeid0=",
      "requires": {
        "babel-plugin-transform-runtime": "6.23.0",
        "fullcalendar": "3.8.0",
        "lodash.defaultsdeep": "4.6.0"
      }
    },
    "vue-google-signin-button": {
      "version": "1.0.2",
      "resolved": "https://registry.npmjs.org/vue-google-signin-button/-/vue-google-signin-button-1.0.2.tgz",
      "integrity": "sha1-cTiaEjPs4gwGqs4IcKz1R5Szrzw="
    }
  }
}
